
Microsoft Visual Studio Solution File, Format Version 12.00
# Visual Studio 15
VisualStudioVersion = 15.0.27130.2010
MinimumVisualStudioVersion = 10.0.40219.1
Project("{FAE04EC0-301F-11D3-BF4B-00C04F79EFBC}") = "Shuttle.Esb", "Shuttle.Esb\Shuttle.Esb.csproj", "{336B819E-1977-46CF-A3F4-ED7220B06A24}"
EndProject
Project("{FAE04EC0-301F-11D3-BF4B-00C04F79EFBC}") = "Shuttle.Esb.Tests", "Shuttle.Esb.Tests\Shuttle.Esb.Tests.csproj", "{833D85DB-7160-4708-8AB6-86E70E32CCBC}"
EndProject
Global
	GlobalSection(SolutionConfigurationPlatforms) = preSolution
		Debug|Any CPU = Debug|Any CPU
		Release|Any CPU = Release|Any CPU
	EndGlobalSection
	GlobalSection(ProjectConfigurationPlatforms) = postSolution
		{336B819E-1977-46CF-A3F4-ED7220B06A24}.Debug|Any CPU.ActiveCfg = Debug|Any CPU
		{336B819E-1977-46CF-A3F4-ED7220B06A24}.Debug|Any CPU.Build.0 = Debug|Any CPU
		{336B819E-1977-46CF-A3F4-ED7220B06A24}.Release|Any CPU.ActiveCfg = Release|Any CPU
		{336B819E-1977-46CF-A3F4-ED7220B06A24}.Release|Any CPU.Build.0 = Release|Any CPU
		{833D85DB-7160-4708-8AB6-86E70E32CCBC}.Debug|Any CPU.ActiveCfg = Debug|Any CPU
		{833D85DB-7160-4708-8AB6-86E70E32CCBC}.Debug|Any CPU.Build.0 = Debug|Any CPU
		{833D85DB-7160-4708-8AB6-86E70E32CCBC}.Release|Any CPU.ActiveCfg = Release|Any CPU
		{833D85DB-7160-4708-8AB6-86E70E32CCBC}.Release|Any CPU.Build.0 = Release|Any CPU
	EndGlobalSection
	GlobalSection(SolutionProperties) = preSolution
		HideSolutionNode = FALSE
	EndGlobalSection
	GlobalSection(ExtensibilityGlobals) = postSolution
		SolutionGuid = {14843F85-1802-478D-8E3C-493A1A4EA624}
	EndGlobalSection
EndGlobal
